
Microsoft Visual Studio Solution File, Format Version 12.00
Project("{2150E333-8FDC-42A3-9474-1A3956D46DE8}") = "Test", "Test", "{65E2C50E-BBF3-462E-B0A5-FA0307D52BF4}"
EndProject
Project("{2150E333-8FDC-42A3-9474-1A3956D46DE8}") = "Doc", "Doc", "{C9F6BD65-643F-43F9-BDD7-F59954542270}"
EndProject
Project("{2150E333-8FDC-42A3-9474-1A3956D46DE8}") = "Src", "Src", "{7BAC30E6-6A57-4744-A872-496F55C72707}"
EndProject
Project("{2150E333-8FDC-42A3-9474-1A3956D46DE8}") = "Soulotion Items", "Soulotion Items", "{5330E75D-3333-4A64-B58A-E3F2D482121A}"
EndProject
Project("{2150E333-8FDC-42A3-9474-1A3956D46DE8}") = "Core", "Core", "{29F38A51-488C-439D-AD64-90F31C3E0FAB}"
EndProject
Project("{FAE04EC0-301F-11D3-BF4B-00C04F79EFBC}") = "Store.Domain", "Store.Domain\Store.Domain.csproj", "{24860EA0-7F86-47F2-B7ED-952E3AAF43D0}"
EndProject
Project("{FAE04EC0-301F-11D3-BF4B-00C04F79EFBC}") = "Store.Application", "Store.Application\Store.Application.csproj", "{0A763E69-4065-4CC0-ADFF-EF9EE9AA0D84}"
EndProject
Project("{2150E333-8FDC-42A3-9474-1A3956D46DE8}") = "Peresentation", "Peresentation", "{36021981-6867-467F-8506-A6EA9F9D4110}"
EndProject
Project("{2150E333-8FDC-42A3-9474-1A3956D46DE8}") = "Infrastructure", "Infrastructure", "{D91EE916-6327-434A-91D1-F67C48D35BBF}"
EndProject
Project("{FAE04EC0-301F-11D3-BF4B-00C04F79EFBC}") = "Store.Persistence", "Store.Persistence\Store.Persistence.csproj", "{C1CC4AD6-AE92-4839-B17A-80E1BD96D759}"
EndProject
Project("{FAE04EC0-301F-11D3-BF4B-00C04F79EFBC}") = "Store.Infrastructure", "Store.Infrastructure\Store.Infrastructure.csproj", "{B4051329-E0C2-42E1-8A1C-1D42E6A3D8DC}"
EndProject
Project("{FAE04EC0-301F-11D3-BF4B-00C04F79EFBC}") = "Store.EndPoint", "Store.EndPoint\Store.EndPoint.csproj", "{2CE9D5A5-C427-4565-8612-9BAF574633ED}"
EndProject
Global
	GlobalSection(SolutionConfigurationPlatforms) = preSolution
		Debug|Any CPU = Debug|Any CPU
		Release|Any CPU = Release|Any CPU
	EndGlobalSection
	GlobalSection(ProjectConfigurationPlatforms) = postSolution
		{24860EA0-7F86-47F2-B7ED-952E3AAF43D0}.Debug|Any CPU.ActiveCfg = Debug|Any CPU
		{24860EA0-7F86-47F2-B7ED-952E3AAF43D0}.Debug|Any CPU.Build.0 = Debug|Any CPU
		{24860EA0-7F86-47F2-B7ED-952E3AAF43D0}.Release|Any CPU.ActiveCfg = Release|Any CPU
		{24860EA0-7F86-47F2-B7ED-952E3AAF43D0}.Release|Any CPU.Build.0 = Release|Any CPU
		{0A763E69-4065-4CC0-ADFF-EF9EE9AA0D84}.Debug|Any CPU.ActiveCfg = Debug|Any CPU
		{0A763E69-4065-4CC0-ADFF-EF9EE9AA0D84}.Debug|Any CPU.Build.0 = Debug|Any CPU
		{0A763E69-4065-4CC0-ADFF-EF9EE9AA0D84}.Release|Any CPU.ActiveCfg = Release|Any CPU
		{0A763E69-4065-4CC0-ADFF-EF9EE9AA0D84}.Release|Any CPU.Build.0 = Release|Any CPU
		{C1CC4AD6-AE92-4839-B17A-80E1BD96D759}.Debug|Any CPU.ActiveCfg = Debug|Any CPU
		{C1CC4AD6-AE92-4839-B17A-80E1BD96D759}.Debug|Any CPU.Build.0 = Debug|Any CPU
		{C1CC4AD6-AE92-4839-B17A-80E1BD96D759}.Release|Any CPU.ActiveCfg = Release|Any CPU
		{C1CC4AD6-AE92-4839-B17A-80E1BD96D759}.Release|Any CPU.Build.0 = Release|Any CPU
		{B4051329-E0C2-42E1-8A1C-1D42E6A3D8DC}.Debug|Any CPU.ActiveCfg = Debug|Any CPU
		{B4051329-E0C2-42E1-8A1C-1D42E6A3D8DC}.Debug|Any CPU.Build.0 = Debug|Any CPU
		{B4051329-E0C2-42E1-8A1C-1D42E6A3D8DC}.Release|Any CPU.ActiveCfg = Release|Any CPU
		{B4051329-E0C2-42E1-8A1C-1D42E6A3D8DC}.Release|Any CPU.Build.0 = Release|Any CPU
		{2CE9D5A5-C427-4565-8612-9BAF574633ED}.Debug|Any CPU.ActiveCfg = Debug|Any CPU
		{2CE9D5A5-C427-4565-8612-9BAF574633ED}.Debug|Any CPU.Build.0 = Debug|Any CPU
		{2CE9D5A5-C427-4565-8612-9BAF574633ED}.Release|Any CPU.ActiveCfg = Release|Any CPU
		{2CE9D5A5-C427-4565-8612-9BAF574633ED}.Release|Any CPU.Build.0 = Release|Any CPU
	EndGlobalSection
	GlobalSection(NestedProjects) = preSolution
		{29F38A51-488C-439D-AD64-90F31C3E0FAB} = {7BAC30E6-6A57-4744-A872-496F55C72707}
		{24860EA0-7F86-47F2-B7ED-952E3AAF43D0} = {29F38A51-488C-439D-AD64-90F31C3E0FAB}
		{0A763E69-4065-4CC0-ADFF-EF9EE9AA0D84} = {29F38A51-488C-439D-AD64-90F31C3E0FAB}
		{36021981-6867-467F-8506-A6EA9F9D4110} = {7BAC30E6-6A57-4744-A872-496F55C72707}
		{D91EE916-6327-434A-91D1-F67C48D35BBF} = {7BAC30E6-6A57-4744-A872-496F55C72707}
		{C1CC4AD6-AE92-4839-B17A-80E1BD96D759} = {D91EE916-6327-434A-91D1-F67C48D35BBF}
		{B4051329-E0C2-42E1-8A1C-1D42E6A3D8DC} = {D91EE916-6327-434A-91D1-F67C48D35BBF}
		{2CE9D5A5-C427-4565-8612-9BAF574633ED} = {36021981-6867-467F-8506-A6EA9F9D4110}
	EndGlobalSection
EndGlobal
